
Microsoft Visual Studio Solution File, Format Version 12.00
Project("{FAE04EC0-301F-11D3-BF4B-00C04F79EFBC}") = "PracticeGround", "PracticeGround\PracticeGround.csproj", "{6677B503-ED7C-42B7-B036-1C6BBB5B4A94}"
EndProject
Global
	GlobalSection(SolutionConfigurationPlatforms) = preSolution
		Debug|Any CPU = Debug|Any CPU
		Release|Any CPU = Release|Any CPU
	EndGlobalSection
	GlobalSection(ProjectConfigurationPlatforms) = postSolution
		{6677B503-ED7C-42B7-B036-1C6BBB5B4A94}.Debug|Any CPU.ActiveCfg = Debug|Any CPU
		{6677B503-ED7C-42B7-B036-1C6BBB5B4A94}.Debug|Any CPU.Build.0 = Debug|Any CPU
		{6677B503-ED7C-42B7-B036-1C6BBB5B4A94}.Release|Any CPU.ActiveCfg = Release|Any CPU
		{6677B503-ED7C-42B7-B036-1C6BBB5B4A94}.Release|Any CPU.Build.0 = Release|Any CPU
	EndGlobalSection
EndGlobal
