
Microsoft Visual Studio Solution File, Format Version 12.00
Project("{FAE04EC0-301F-11D3-BF4B-00C04F79EFBC}") = "AdvanceDataStructureUdemy", "AdvanceDataStructureUdemy\AdvanceDataStructureUdemy.csproj", "{945550CB-67AB-4AEC-9D6F-0E6A855112F4}"
EndProject
Global
	GlobalSection(SolutionConfigurationPlatforms) = preSolution
		Debug|Any CPU = Debug|Any CPU
		Release|Any CPU = Release|Any CPU
	EndGlobalSection
	GlobalSection(ProjectConfigurationPlatforms) = postSolution
		{945550CB-67AB-4AEC-9D6F-0E6A855112F4}.Debug|Any CPU.ActiveCfg = Debug|Any CPU
		{945550CB-67AB-4AEC-9D6F-0E6A855112F4}.Debug|Any CPU.Build.0 = Debug|Any CPU
		{945550CB-67AB-4AEC-9D6F-0E6A855112F4}.Release|Any CPU.ActiveCfg = Release|Any CPU
		{945550CB-67AB-4AEC-9D6F-0E6A855112F4}.Release|Any CPU.Build.0 = Release|Any CPU
	EndGlobalSection
EndGlobal
